lockfileVersion: '9.0'

settings:
  autoInstallPeers: true
  excludeLinksFromLockfile: false

importers:

  .:
    dependencies:
      '@sentry/react':
        specifier: ^8.38.0
        version: 8.38.0(react@18.3.1)
      react:
        specifier: ^18.3.1
        version: 18.3.1
      react-dom:
        specifier: ^18.3.1
        version: 18.3.1(react@18.3.1)
      react-router-dom:
        specifier: ^6.28.0
        version: 6.28.0(react-dom@18.3.1(react@18.3.1))(react@18.3.1)
    devDependencies:
      '@rsbuild/core':
        specifier: ^1.0.19
        version: 1.1.3
      '@rsbuild/plugin-react':
        specifier: ^1.0.6
        version: 1.0.7(@rsbuild/core@1.1.3)
      '@types/react':
        specifier: ^18.3.12
        version: 18.3.12
      '@types/react-dom':
        specifier: ^18.3.1
        version: 18.3.1
      react-error-boundary:
        specifier: ^4.1.2
        version: 4.1.2(react@18.3.1)
      typescript:
        specifier: ^5.6.3
        version: 5.6.3

packages:

  '@babel/runtime@7.26.0':
    resolution: {integrity: sha512-FDSOghenHTiToteC/QRlv2q3DhPZ/oOXTBoirfWNx1Cx3TMVcGWQtMMmQcSvb/JjpNeGzx8Pq/b4fKEJuWm1sw==}
    engines: {node: '>=6.9.0'}

  '@module-federation/runtime-tools@0.5.1':
    resolution: {integrity: sha512-nfBedkoZ3/SWyO0hnmaxuz0R0iGPSikHZOAZ0N/dVSQaIzlffUo35B5nlC2wgWIc0JdMZfkwkjZRrnuuDIJbzg==}

  '@module-federation/runtime@0.5.1':
    resolution: {integrity: sha512-xgiMUWwGLWDrvZc9JibuEbXIbhXg6z2oUkemogSvQ4LKvrl/n0kbqP1Blk669mXzyWbqtSp6PpvNdwaE1aN5xQ==}

  '@module-federation/sdk@0.5.1':
    resolution: {integrity: sha512-exvchtjNURJJkpqjQ3/opdbfeT2wPKvrbnGnyRkrwW5o3FH1LaST1tkiNviT6OXTexGaVc2DahbdniQHVtQ7pA==}

  '@module-federation/webpack-bundler-runtime@0.5.1':
    resolution: {integrity: sha512-mMhRFH0k2VjwHt3Jol9JkUsmI/4XlrAoBG3E0o7HoyoPYv1UFOWyqAflfANcUPgbYpvqmyLzDcO+3IT36LXnrA==}

  '@remix-run/router@1.21.0':
    resolution: {integrity: sha512-xfSkCAchbdG5PnbrKqFWwia4Bi61nH+wm8wLEqfHDyp7Y3dZzgqS2itV8i4gAq9pC2HsTpwyBC6Ds8VHZ96JlA==}
    engines: {node: '>=14.0.0'}

  '@rsbuild/core@1.1.3':
    resolution: {integrity: sha512-bl0bN56ZTIaZg8tuCWr48LcE72rF4nDAvSVGDJwpem2Nv3suQYsuwEVq2Mpt5wu6ZEuyEXsMu4owIVoA4JgWyw==}
    engines: {node: '>=16.7.0'}
    hasBin: true

  '@rsbuild/plugin-react@1.0.7':
    resolution: {integrity: sha512-t7T/GqDwodusTAnxGpqVRnQ/G+HYh98zk71qIg19WkjVJJGv57AC1Ppx0/6zzbZAbxU60bfK8TeEEXjhXCdSxA==}
    peerDependencies:
      '@rsbuild/core': 1.x

  '@rspack/binding-darwin-arm64@1.1.0':
    resolution: {integrity: sha512-02YmzmtKMNHCSMzVT5sgbJuPDn+HunkrtWq0D95Fh9sGKYap9cs0JOpzTfyAL3KXJ9JzVfOAZA3VgVQOBaQNWQ==}
    cpu: [arm64]
    os: [darwin]

  '@rspack/binding-darwin-x64@1.1.0':
    resolution: {integrity: sha512-HtBh8p6hml7BWNtZaqWFtGbOFP/tvFDn1uPWmA3R32WTILUXNRWXIsLDY95U3Z2U1Gt3SL58SOpJjXlFIb6wZg==}
    cpu: [x64]
    os: [darwin]

  '@rspack/binding-linux-arm64-gnu@1.1.0':
    resolution: {integrity: sha512-Q/i50Pieii3akdv5Q6my6QelV5Dpc8O/Ir4udpjYl0pbSdKamdI8M85fxrMxGAGcoNSD+X52fDvxJujXWMcP0w==}
    cpu: [arm64]
    os: [linux]

  '@rspack/binding-linux-arm64-musl@1.1.0':
    resolution: {integrity: sha512-H7Eu3xC7LWPpxrI47n8X361eEGGpQOjZIWTz8tLdn4oNS2D9kqsBYES7LsuuLTTH4ueHTDuEtDdfZpBsE+qesw==}
    cpu: [arm64]
    os: [linux]

  '@rspack/binding-linux-x64-gnu@1.1.0':
    resolution: {integrity: sha512-dIZSutPo2z/OaO2f6SVlcYA6lGBH+4TrRtWmMyPshpTNPrkCGGfDhC43fZ4jCiUj2PO/Hcn8jyKhci4leBsVBA==}
    cpu: [x64]
    os: [linux]

  '@rspack/binding-linux-x64-musl@1.1.0':
    resolution: {integrity: sha512-f6L2JWgbG9PKWnVw2YNZdntjzia1V2w2Xq458HkCQUDwhnEipWXaZ2zhfD9jcb4UYoMP8/2uD3B96sSFFNTdrQ==}
    cpu: [x64]
    os: [linux]

  '@rspack/binding-win32-arm64-msvc@1.1.0':
    resolution: {integrity: sha512-opo6XR4iXh/QkHiauVQBlU2xR2JyjDmSwgkION27oszu81nr+IajTSXQX96x5I6Bq48GQLU4rItHse/doctQDA==}
    cpu: [arm64]
    os: [win32]

  '@rspack/binding-win32-ia32-msvc@1.1.0':
    resolution: {integrity: sha512-FBcG+OPJokSE3nPi1+ZamLK2V4IWdNC+GMr0z7LUrBiKc5lO70y5VkldfyPV1Z+doSuroVINlhK+lRHdQgGwYg==}
    cpu: [ia32]
    os: [win32]

  '@rspack/binding-win32-x64-msvc@1.1.0':
    resolution: {integrity: sha512-H/6Glp1nZvxWAD5+2hRrp1kBs9f+pLb/un2TdFSUNd2tyXq5GyHCe70+N9psbe/jjGxD8e1vPNQtN/VvkuR0Zg==}
    cpu: [x64]
    os: [win32]

  '@rspack/binding@1.1.0':
    resolution: {integrity: sha512-zLduWacrw/bBYiFvhjN70f+AJxXnTzevywXp54vso8d0Nz7z4KIycdz/Ua5AGRUkG2ZuQw6waypN5pXf48EBcA==}

  '@rspack/core@1.1.0':
    resolution: {integrity: sha512-+IYWSe9D3wB97VVBfaojuWLv3wGIBe9pfJkxNObkorN60Nj3UHYzBLuACrHn4hW2mZjAWrv06ReHXJUEGzQqaQ==}
    engines: {node: '>=16.0.0'}
    peerDependencies:
      '@swc/helpers': '>=0.5.1'
    peerDependenciesMeta:
      '@swc/helpers':
        optional: true

  '@rspack/lite-tapable@1.0.1':
    resolution: {integrity: sha512-VynGOEsVw2s8TAlLf/uESfrgfrq2+rcXB1muPJYBWbsm1Oa6r5qVQhjA5ggM6z/coYPrsVMgovl3Ff7Q7OCp1w==}
    engines: {node: '>=16.0.0'}

  '@rspack/plugin-react-refresh@1.0.0':
    resolution: {integrity: sha512-WvXkLewW5G0Mlo5H1b251yDh5FFiH4NDAbYlFpvFjcuXX2AchZRf9zdw57BDE/ADyWsJgA8kixN/zZWBTN3iYA==}
    peerDependencies:
      react-refresh: '>=0.10.0 <1.0.0'
    peerDependenciesMeta:
      react-refresh:
        optional: true

  '@sentry-internal/browser-utils@8.38.0':
    resolution: {integrity: sha512-5QMVcssrAcmjKT0NdFYcX0b0wwZovGAZ9L2GajErXtHkBenjI2sgR2+5J7n+QZGuk2SC1qhGmT1O9i3p3UEwew==}
    engines: {node: '>=14.18'}

  '@sentry-internal/feedback@8.38.0':
    resolution: {integrity: sha512-AW5HCCAlc3T1jcSuNhbFVNO1CHyJ5g5tsGKEP4VKgu+D1Gg2kZ5S2eFatLBUP/BD5JYb1A7p6XPuzYp1XfMq0A==}
    engines: {node: '>=14.18'}

  '@sentry-internal/replay-canvas@8.38.0':
    resolution: {integrity: sha512-OxmlWzK9J8mRM+KxdSnQ5xuxq+p7TiBzTz70FT3HltxmeugvDkyp6803UcFqHOPHR35OYeVLOalym+FmvNn9kw==}
    engines: {node: '>=14.18'}

  '@sentry-internal/replay@8.38.0':
    resolution: {integrity: sha512-mQPShKnIab7oKwkwrRxP/D8fZYHSkDY+cvqORzgi+wAwgnunytJQjz9g6Ww2lJu98rHEkr5SH4V4rs6PZYZmnQ==}
    engines: {node: '>=14.18'}

  '@sentry/browser@8.38.0':
    resolution: {integrity: sha512-AZR+b0EteNZEGv6JSdBD22S9VhQ7nrljKsSnzxobBULf3BpwmhmCzTbDrqWszKDAIDYmL+yQJIR2glxbknneWQ==}
    engines: {node: '>=14.18'}

  '@sentry/core@8.38.0':
    resolution: {integrity: sha512-sGD+5TEHU9G7X7zpyaoJxpOtwjTjvOd1f/MKBrWW2vf9UbYK+GUJrOzLhMoSWp/pHSYgvObkJkDb/HwieQjvhQ==}
    engines: {node: '>=14.18'}

  '@sentry/react@8.38.0':
    resolution: {integrity: sha512-5396tewO00wbJFHUkmU+ikmp4A+wuBpStNc7UDyAm642jfbPajj51+GWld/ZYNFiQaZ/8I9tvvpHqVLnUh21gg==}
    engines: {node: '>=14.18'}
    peerDependencies:
      react: ^16.14.0 || 17.x || 18.x || 19.x

  '@sentry/types@8.38.0':
    resolution: {integrity: sha512-fP5H9ZX01W4Z/EYctk3mkSHi7d06cLcX2/UWqwdWbyPWI+pL2QpUPICeO/C+8SnmYx//wFj3qWDhyPCh1PdFAA==}
    engines: {node: '>=14.18'}

  '@sentry/utils@8.38.0':
    resolution: {integrity: sha512-3X7MgIKIx+2q5Al7QkhaRB4wV6DvzYsaeIwdqKUzGLuRjXmNgJrLoU87TAwQRmZ6Wr3IoEpThZZMNrzYPXxArw==}
    engines: {node: '>=14.18'}

  '@swc/helpers@0.5.15':
    resolution: {integrity: sha512-JQ5TuMi45Owi4/BIMAJBoSQoOJu12oOk/gADqlcUL9JEdHB8vyjUSsxqeNXnmXHjYKMi2WcYtezGEEhqUI/E2g==}

  '@types/prop-types@15.7.13':
    resolution: {integrity: sha512-hCZTSvwbzWGvhqxp/RqVqwU999pBf2vp7hzIjiYOsl8wqOmUxkQ6ddw1cV3l8811+kdUFus/q4d1Y3E3SyEifA==}

  '@types/react-dom@18.3.1':
    resolution: {integrity: sha512-qW1Mfv8taImTthu4KoXgDfLuk4bydU6Q/TkADnDWWHwi4NX4BR+LWfTp2sVmTqRrsHvyDDTelgelxJ+SsejKKQ==}

  '@types/react@18.3.12':
    resolution: {integrity: sha512-D2wOSq/d6Agt28q7rSI3jhU7G6aiuzljDGZ2hTZHIkrTLUI+AF3WMeKkEZ9nN2fkBAlcktT6vcZjDFiIhMYEQw==}

  caniuse-lite@1.0.30001680:
    resolution: {integrity: sha512-rPQy70G6AGUMnbwS1z6Xg+RkHYPAi18ihs47GH0jcxIG7wArmPgY3XbS2sRdBbxJljp3thdT8BIqv9ccCypiPA==}

  core-js@3.39.0:
    resolution: {integrity: sha512-raM0ew0/jJUqkJ0E6e8UDtl+y/7ktFivgWvqw8dNSQeNWoSDLvQ1H/RN3aPXB9tBd4/FhyR4RDPGhsNIMsAn7g==}

  csstype@3.1.3:
    resolution: {integrity: sha512-M1uQkMl8rQK/szD0LNhtqxIPLpimGm8sOBwU7lLnCpSbTyY3yeU1Vc7l4KT5zT4s/yOxHH5O7tIuuLOCnLADRw==}

  error-stack-parser@2.1.4:
    resolution: {integrity: sha512-Sk5V6wVazPhq5MhpO+AUxJn5x7XSXGl1R93Vn7i+zS15KDVxQijejNCrz8340/2bgLBjR9GtEG8ZVKONDjcqGQ==}

  hoist-non-react-statics@3.3.2:
    resolution: {integrity: sha512-/gGivxi8JPKWNm/W0jSmzcMPpfpPLc3dY/6GxhX2hQ9iGj3aDfklV4ET7NjKpSinLpJ5vafa9iiGIEZg10SfBw==}

  html-entities@2.5.2:
    resolution: {integrity: sha512-K//PSRMQk4FZ78Kyau+mZurHn3FH0Vwr+H36eE0rPbeYkRRi9YxceYPhuN60UwWorxyKHhqoAJl2OFKa4BVtaA==}

  js-tokens@4.0.0:
    resolution: {integrity: sha512-RdJUflcE3cUzKiMqQgsCu06FPu9UdIJO0beYbPhHN4k6apgJtifcoCtT9bcxOpYBtpD2kCM6Sbzg4CausW/PKQ==}

  loose-envify@1.4.0:
    resolution: {integrity: sha512-lyuxPGr/Wfhrlem2CL/UcnUc1zcqKAImBDzukY7Y5F/yQiNdko6+fRLevlw1HgMySw7f611UIY408EtxRSoK3Q==}
    hasBin: true

  react-dom@18.3.1:
    resolution: {integrity: sha512-5m4nQKp+rZRb09LNH59GM4BxTh9251/ylbKIbpe7TpGxfJ+9kv6BLkLBXIjjspbgbnIBNqlI23tRnTWT0snUIw==}
    peerDependencies:
      react: ^18.3.1

  react-error-boundary@4.1.2:
    resolution: {integrity: sha512-GQDxZ5Jd+Aq/qUxbCm1UtzmL/s++V7zKgE8yMktJiCQXCCFZnMZh9ng+6/Ne6PjNSXH0L9CjeOEREfRnq6Duag==}
    peerDependencies:
      react: '>=16.13.1'

  react-is@16.13.1:
    resolution: {integrity: sha512-24e6ynE2H+OKt4kqsOvNd8kBpV65zoxbA4BVsEOB3ARVWQki/DHzaUoC5KuON/BiccDaCCTZBuOcfZs70kR8bQ==}

  react-refresh@0.14.2:
    resolution: {integrity: sha512-jCvmsr+1IUSMUyzOkRcvnVbX3ZYC6g9TDrDbFuFmRDq7PD4yaGbLKNQL6k2jnArV8hjYxh7hVhAZB6s9HDGpZA==}
    engines: {node: '>=0.10.0'}

  react-router-dom@6.28.0:
    resolution: {integrity: sha512-kQ7Unsl5YdyOltsPGl31zOjLrDv+m2VcIEcIHqYYD3Lp0UppLjrzcfJqDJwXxFw3TH/yvapbnUvPlAj7Kx5nbg==}
    engines: {node: '>=14.0.0'}
    peerDependencies:
      react: '>=16.8'
      react-dom: '>=16.8'

  react-router@6.28.0:
    resolution: {integrity: sha512-HrYdIFqdrnhDw0PqG/AKjAqEqM7AvxCz0DQ4h2W8k6nqmc5uRBYDag0SBxx9iYz5G8gnuNVLzUe13wl9eAsXXg==}
    engines: {node: '>=14.0.0'}
    peerDependencies:
      react: '>=16.8'

  react@18.3.1:
    resolution: {integrity: sha512-wS+hAgJShR0KhEvPJArfuPVN1+Hz1t0Y6n5jLrGQbkb4urgPE/0Rve+1kMB1v/oWgHgm4WIcV+i7F2pTVj+2iQ==}
    engines: {node: '>=0.10.0'}

  regenerator-runtime@0.14.1:
    resolution: {integrity: sha512-dYnhHh0nJoMfnkZs6GmmhFknAGRrLznOu5nc9ML+EJxGvrx6H7teuevqVqCuPcPK//3eDrrjQhehXVx9cnkGdw==}

  scheduler@0.23.2:
    resolution: {integrity: sha512-UOShsPwz7NrMUqhR6t0hWjFduvOzbtv7toDH1/hIrfRNIDBnnBWd0CwJTGvTpngVlmwGCdP9/Zl/tVrDqcuYzQ==}

  stackframe@1.3.4:
    resolution: {integrity: sha512-oeVtt7eWQS+Na6F//S4kJ2K2VbRlS9D43mAlMyVpVWovy9o+jfgH8O9agzANzaiLjclA0oYzUXEM4PurhSUChw==}

  tslib@2.8.1:
    resolution: {integrity: sha512-oJFu94HQb+KVduSUQL7wnpmqnfmLsOA/nAh6b6EH0wCEoK0/mPeXU6c3wKDV83MkOuHPRHtSXKKU99IBazS/2w==}

  typescript@5.6.3:
    resolution: {integrity: sha512-hjcS1mhfuyi4WW8IWtjP7brDrG2cuDZukyrYrSauoXGNgx0S7zceP07adYkJycEr56BOUTNPzbInooiN3fn1qw==}
    engines: {node: '>=14.17'}
    hasBin: true

snapshots:

  '@babel/runtime@7.26.0':
    dependencies:
      regenerator-runtime: 0.14.1

  '@module-federation/runtime-tools@0.5.1':
    dependencies:
      '@module-federation/runtime': 0.5.1
      '@module-federation/webpack-bundler-runtime': 0.5.1

  '@module-federation/runtime@0.5.1':
    dependencies:
      '@module-federation/sdk': 0.5.1

  '@module-federation/sdk@0.5.1': {}

  '@module-federation/webpack-bundler-runtime@0.5.1':
    dependencies:
      '@module-federation/runtime': 0.5.1
      '@module-federation/sdk': 0.5.1

  '@remix-run/router@1.21.0': {}

  '@rsbuild/core@1.1.3':
    dependencies:
      '@rspack/core': 1.1.0(@swc/helpers@0.5.15)
      '@rspack/lite-tapable': 1.0.1
      '@swc/helpers': 0.5.15
      core-js: 3.39.0

  '@rsbuild/plugin-react@1.0.7(@rsbuild/core@1.1.3)':
    dependencies:
      '@rsbuild/core': 1.1.3
      '@rspack/plugin-react-refresh': 1.0.0(react-refresh@0.14.2)
      react-refresh: 0.14.2

  '@rspack/binding-darwin-arm64@1.1.0':
    optional: true

  '@rspack/binding-darwin-x64@1.1.0':
    optional: true

  '@rspack/binding-linux-arm64-gnu@1.1.0':
    optional: true

  '@rspack/binding-linux-arm64-musl@1.1.0':
    optional: true

  '@rspack/binding-linux-x64-gnu@1.1.0':
    optional: true

  '@rspack/binding-linux-x64-musl@1.1.0':
    optional: true

  '@rspack/binding-win32-arm64-msvc@1.1.0':
    optional: true

  '@rspack/binding-win32-ia32-msvc@1.1.0':
    optional: true

  '@rspack/binding-win32-x64-msvc@1.1.0':
    optional: true

  '@rspack/binding@1.1.0':
    optionalDependencies:
      '@rspack/binding-darwin-arm64': 1.1.0
      '@rspack/binding-darwin-x64': 1.1.0
      '@rspack/binding-linux-arm64-gnu': 1.1.0
      '@rspack/binding-linux-arm64-musl': 1.1.0
      '@rspack/binding-linux-x64-gnu': 1.1.0
      '@rspack/binding-linux-x64-musl': 1.1.0
      '@rspack/binding-win32-arm64-msvc': 1.1.0
      '@rspack/binding-win32-ia32-msvc': 1.1.0
      '@rspack/binding-win32-x64-msvc': 1.1.0

  '@rspack/core@1.1.0(@swc/helpers@0.5.15)':
    dependencies:
      '@module-federation/runtime-tools': 0.5.1
      '@rspack/binding': 1.1.0
      '@rspack/lite-tapable': 1.0.1
      caniuse-lite: 1.0.30001680
    optionalDependencies:
      '@swc/helpers': 0.5.15

  '@rspack/lite-tapable@1.0.1': {}

  '@rspack/plugin-react-refresh@1.0.0(react-refresh@0.14.2)':
    dependencies:
      error-stack-parser: 2.1.4
      html-entities: 2.5.2
    optionalDependencies:
      react-refresh: 0.14.2

  '@sentry-internal/browser-utils@8.38.0':
    dependencies:
      '@sentry/core': 8.38.0
      '@sentry/types': 8.38.0
      '@sentry/utils': 8.38.0

  '@sentry-internal/feedback@8.38.0':
    dependencies:
      '@sentry/core': 8.38.0
      '@sentry/types': 8.38.0
      '@sentry/utils': 8.38.0

  '@sentry-internal/replay-canvas@8.38.0':
    dependencies:
      '@sentry-internal/replay': 8.38.0
      '@sentry/core': 8.38.0
      '@sentry/types': 8.38.0
      '@sentry/utils': 8.38.0

  '@sentry-internal/replay@8.38.0':
    dependencies:
      '@sentry-internal/browser-utils': 8.38.0
      '@sentry/core': 8.38.0
      '@sentry/types': 8.38.0
      '@sentry/utils': 8.38.0

  '@sentry/browser@8.38.0':
    dependencies:
      '@sentry-internal/browser-utils': 8.38.0
      '@sentry-internal/feedback': 8.38.0
      '@sentry-internal/replay': 8.38.0
      '@sentry-internal/replay-canvas': 8.38.0
      '@sentry/core': 8.38.0
      '@sentry/types': 8.38.0
      '@sentry/utils': 8.38.0

  '@sentry/core@8.38.0':
    dependencies:
      '@sentry/types': 8.38.0
      '@sentry/utils': 8.38.0

  '@sentry/react@8.38.0(react@18.3.1)':
    dependencies:
      '@sentry/browser': 8.38.0
      '@sentry/core': 8.38.0
      '@sentry/types': 8.38.0
      '@sentry/utils': 8.38.0
      hoist-non-react-statics: 3.3.2
      react: 18.3.1

  '@sentry/types@8.38.0': {}

  '@sentry/utils@8.38.0':
    dependencies:
      '@sentry/types': 8.38.0

  '@swc/helpers@0.5.15':
    dependencies:
      tslib: 2.8.1

  '@types/prop-types@15.7.13': {}

  '@types/react-dom@18.3.1':
    dependencies:
      '@types/react': 18.3.12

  '@types/react@18.3.12':
    dependencies:
      '@types/prop-types': 15.7.13
      csstype: 3.1.3

  caniuse-lite@1.0.30001680: {}

  core-js@3.39.0: {}

  csstype@3.1.3: {}

  error-stack-parser@2.1.4:
    dependencies:
      stackframe: 1.3.4

  hoist-non-react-statics@3.3.2:
    dependencies:
      react-is: 16.13.1

  html-entities@2.5.2: {}

  js-tokens@4.0.0: {}

  loose-envify@1.4.0:
    dependencies:
      js-tokens: 4.0.0

  react-dom@18.3.1(react@18.3.1):
    dependencies:
      loose-envify: 1.4.0
      react: 18.3.1
      scheduler: 0.23.2

  react-error-boundary@4.1.2(react@18.3.1):
    dependencies:
      '@babel/runtime': 7.26.0
      react: 18.3.1

  react-is@16.13.1: {}

  react-refresh@0.14.2: {}

  react-router-dom@6.28.0(react-dom@18.3.1(react@18.3.1))(react@18.3.1):
    dependencies:
      '@remix-run/router': 1.21.0
      react: 18.3.1
      react-dom: 18.3.1(react@18.3.1)
      react-router: 6.28.0(react@18.3.1)

  react-router@6.28.0(react@18.3.1):
    dependencies:
      '@remix-run/router': 1.21.0
      react: 18.3.1

  react@18.3.1:
    dependencies:
      loose-envify: 1.4.0

  regenerator-runtime@0.14.1: {}

  scheduler@0.23.2:
    dependencies:
      loose-envify: 1.4.0

  stackframe@1.3.4: {}

  tslib@2.8.1: {}

  typescript@5.6.3: {}
